
Microsoft Visual Studio Solution File, Format Version 12.00
# Visual Studio Version 17
VisualStudioVersion = 17.0.31903.59
MinimumVisualStudioVersion = 10.0.40219.1
Project("{FAE04EC0-301F-11D3-BF4B-00C04F79EFBC}") = "Attendance.API", "Attendance.API\Attendance.API.csproj", "{F2D4C845-31D0-4FF0-A6F8-F8418BE04DC4}"
EndProject
Project("{FAE04EC0-301F-11D3-BF4B-00C04F79EFBC}") = "Attendance.Application", "Attendance.Application\Attendance.Application.csproj", "{8E8BBFA7-9E4A-4E54-BCE8-577FFC54289A}"
EndProject
Project("{FAE04EC0-301F-11D3-BF4B-00C04F79EFBC}") = "Attendance.Domain", "Attendance.Domain\Attendance.Domain.csproj", "{6780B7D8-96E4-4E57-AD53-051F95EB2978}"
EndProject
Project("{FAE04EC0-301F-11D3-BF4B-00C04F79EFBC}") = "Attendance.Infrastructure", "Attendance.Infrastructure\Attendance.Infrastructure.csproj", "{7D75AE40-3B2D-4E78-92B9-6864A6EDE7C1}"
EndProject
Global
	GlobalSection(SolutionConfigurationPlatforms) = preSolution
		Debug|Any CPU = Debug|Any CPU
		Debug|x64 = Debug|x64
		Debug|x86 = Debug|x86
		Release|Any CPU = Release|Any CPU
		Release|x64 = Release|x64
		Release|x86 = Release|x86
	EndGlobalSection
	GlobalSection(ProjectConfigurationPlatforms) = postSolution
		{F2D4C845-31D0-4FF0-A6F8-F8418BE04DC4}.Debug|Any CPU.ActiveCfg = Debug|Any CPU
		{F2D4C845-31D0-4FF0-A6F8-F8418BE04DC4}.Debug|Any CPU.Build.0 = Debug|Any CPU
		{F2D4C845-31D0-4FF0-A6F8-F8418BE04DC4}.Debug|x64.ActiveCfg = Debug|Any CPU
		{F2D4C845-31D0-4FF0-A6F8-F8418BE04DC4}.Debug|x64.Build.0 = Debug|Any CPU
		{F2D4C845-31D0-4FF0-A6F8-F8418BE04DC4}.Debug|x86.ActiveCfg = Debug|Any CPU
		{F2D4C845-31D0-4FF0-A6F8-F8418BE04DC4}.Debug|x86.Build.0 = Debug|Any CPU
		{F2D4C845-31D0-4FF0-A6F8-F8418BE04DC4}.Release|Any CPU.ActiveCfg = Release|Any CPU
		{F2D4C845-31D0-4FF0-A6F8-F8418BE04DC4}.Release|Any CPU.Build.0 = Release|Any CPU
		{F2D4C845-31D0-4FF0-A6F8-F8418BE04DC4}.Release|x64.ActiveCfg = Release|Any CPU
		{F2D4C845-31D0-4FF0-A6F8-F8418BE04DC4}.Release|x64.Build.0 = Release|Any CPU
		{F2D4C845-31D0-4FF0-A6F8-F8418BE04DC4}.Release|x86.ActiveCfg = Release|Any CPU
		{F2D4C845-31D0-4FF0-A6F8-F8418BE04DC4}.Release|x86.Build.0 = Release|Any CPU
		{8E8BBFA7-9E4A-4E54-BCE8-577FFC54289A}.Debug|Any CPU.ActiveCfg = Debug|Any CPU
		{8E8BBFA7-9E4A-4E54-BCE8-577FFC54289A}.Debug|Any CPU.Build.0 = Debug|Any CPU
		{8E8BBFA7-9E4A-4E54-BCE8-577FFC54289A}.Debug|x64.ActiveCfg = Debug|Any CPU
		{8E8BBFA7-9E4A-4E54-BCE8-577FFC54289A}.Debug|x64.Build.0 = Debug|Any CPU
		{8E8BBFA7-9E4A-4E54-BCE8-577FFC54289A}.Debug|x86.ActiveCfg = Debug|Any CPU
		{8E8BBFA7-9E4A-4E54-BCE8-577FFC54289A}.Debug|x86.Build.0 = Debug|Any CPU
		{8E8BBFA7-9E4A-4E54-BCE8-577FFC54289A}.Release|Any CPU.ActiveCfg = Release|Any CPU
		{8E8BBFA7-9E4A-4E54-BCE8-577FFC54289A}.Release|Any CPU.Build.0 = Release|Any CPU
		{8E8BBFA7-9E4A-4E54-BCE8-577FFC54289A}.Release|x64.ActiveCfg = Release|Any CPU
		{8E8BBFA7-9E4A-4E54-BCE8-577FFC54289A}.Release|x64.Build.0 = Release|Any CPU
		{8E8BBFA7-9E4A-4E54-BCE8-577FFC54289A}.Release|x86.ActiveCfg = Release|Any CPU
		{8E8BBFA7-9E4A-4E54-BCE8-577FFC54289A}.Release|x86.Build.0 = Release|Any CPU
		{6780B7D8-96E4-4E57-AD53-051F95EB2978}.Debug|Any CPU.ActiveCfg = Debug|Any CPU
		{6780B7D8-96E4-4E57-AD53-051F95EB2978}.Debug|Any CPU.Build.0 = Debug|Any CPU
		{6780B7D8-96E4-4E57-AD53-051F95EB2978}.Debug|x64.ActiveCfg = Debug|Any CPU
		{6780B7D8-96E4-4E57-AD53-051F95EB2978}.Debug|x64.Build.0 = Debug|Any CPU
		{6780B7D8-96E4-4E57-AD53-051F95EB2978}.Debug|x86.ActiveCfg = Debug|Any CPU
		{6780B7D8-96E4-4E57-AD53-051F95EB2978}.Debug|x86.Build.0 = Debug|Any CPU
		{6780B7D8-96E4-4E57-AD53-051F95EB2978}.Release|Any CPU.ActiveCfg = Release|Any CPU
		{6780B7D8-96E4-4E57-AD53-051F95EB2978}.Release|Any CPU.Build.0 = Release|Any CPU
		{6780B7D8-96E4-4E57-AD53-051F95EB2978}.Release|x64.ActiveCfg = Release|Any CPU
		{6780B7D8-96E4-4E57-AD53-051F95EB2978}.Release|x64.Build.0 = Release|Any CPU
		{6780B7D8-96E4-4E57-AD53-051F95EB2978}.Release|x86.ActiveCfg = Release|Any CPU
		{6780B7D8-96E4-4E57-AD53-051F95EB2978}.Release|x86.Build.0 = Release|Any CPU
		{7D75AE40-3B2D-4E78-92B9-6864A6EDE7C1}.Debug|Any CPU.ActiveCfg = Debug|Any CPU
		{7D75AE40-3B2D-4E78-92B9-6864A6EDE7C1}.Debug|Any CPU.Build.0 = Debug|Any CPU
		{7D75AE40-3B2D-4E78-92B9-6864A6EDE7C1}.Debug|x64.ActiveCfg = Debug|Any CPU
		{7D75AE40-3B2D-4E78-92B9-6864A6EDE7C1}.Debug|x64.Build.0 = Debug|Any CPU
		{7D75AE40-3B2D-4E78-92B9-6864A6EDE7C1}.Debug|x86.ActiveCfg = Debug|Any CPU
		{7D75AE40-3B2D-4E78-92B9-6864A6EDE7C1}.Debug|x86.Build.0 = Debug|Any CPU
		{7D75AE40-3B2D-4E78-92B9-6864A6EDE7C1}.Release|Any CPU.ActiveCfg = Release|Any CPU
		{7D75AE40-3B2D-4E78-92B9-6864A6EDE7C1}.Release|Any CPU.Build.0 = Release|Any CPU
		{7D75AE40-3B2D-4E78-92B9-6864A6EDE7C1}.Release|x64.ActiveCfg = Release|Any CPU
		{7D75AE40-3B2D-4E78-92B9-6864A6EDE7C1}.Release|x64.Build.0 = Release|Any CPU
		{7D75AE40-3B2D-4E78-92B9-6864A6EDE7C1}.Release|x86.ActiveCfg = Release|Any CPU
		{7D75AE40-3B2D-4E78-92B9-6864A6EDE7C1}.Release|x86.Build.0 = Release|Any CPU
	EndGlobalSection
	GlobalSection(SolutionProperties) = preSolution
		HideSolutionNode = FALSE
	EndGlobalSection
EndGlobal
